
Microsoft Visual Studio Solution File, Format Version 12.00
# Visual Studio Version 16
VisualStudioVersion = 16.0.29613.14
MinimumVisualStudioVersion = 10.0.40219.1
Project("{FAE04EC0-301F-11D3-BF4B-00C04F79EFBC}") = "CloneWorkItem", "CloneWorkItem\CloneWorkItem.csproj", "{DF8145F3-A93F-4BE9-9BF7-47ADA9048CCC}"
EndProject
Global
	GlobalSection(SolutionConfigurationPlatforms) = preSolution
		Debug|Any CPU = Debug|Any CPU
		Release|Any CPU = Release|Any CPU
	EndGlobalSection
	GlobalSection(ProjectConfigurationPlatforms) = postSolution
		{DF8145F3-A93F-4BE9-9BF7-47ADA9048CCC}.Debug|Any CPU.ActiveCfg = Debug|Any CPU
		{DF8145F3-A93F-4BE9-9BF7-47ADA9048CCC}.Debug|Any CPU.Build.0 = Debug|Any CPU
		{DF8145F3-A93F-4BE9-9BF7-47ADA9048CCC}.Release|Any CPU.ActiveCfg = Release|Any CPU
		{DF8145F3-A93F-4BE9-9BF7-47ADA9048CCC}.Release|Any CPU.Build.0 = Release|Any CPU
	EndGlobalSection
	GlobalSection(SolutionProperties) = preSolution
		HideSolutionNode = FALSE
	EndGlobalSection
	GlobalSection(ExtensibilityGlobals) = postSolution
		SolutionGuid = {E717A270-1B00-46A5-8326-7B0C7954FC9E}
	EndGlobalSection
EndGlobal
